
Microsoft Visual Studio Solution File, Format Version 12.00
# Visual Studio Version 16
VisualStudioVersion = 16.0.31005.135
MinimumVisualStudioVersion = 10.0.40219.1
Project("{FAE04EC0-301F-11D3-BF4B-00C04F79EFBC}") = "HelloWorld9", "HelloWorld9\HelloWorld9.csproj", "{7A9300B7-4A4F-4B65-A69E-7E99123D1E39}"
EndProject
Global
	GlobalSection(SolutionConfigurationPlatforms) = preSolution
		Debug|Any CPU = Debug|Any CPU
		Release|Any CPU = Release|Any CPU
	EndGlobalSection
	GlobalSection(ProjectConfigurationPlatforms) = postSolution
		{7A9300B7-4A4F-4B65-A69E-7E99123D1E39}.Debug|Any CPU.ActiveCfg = Debug|Any CPU
		{7A9300B7-4A4F-4B65-A69E-7E99123D1E39}.Debug|Any CPU.Build.0 = Debug|Any CPU
		{7A9300B7-4A4F-4B65-A69E-7E99123D1E39}.Release|Any CPU.ActiveCfg = Release|Any CPU
		{7A9300B7-4A4F-4B65-A69E-7E99123D1E39}.Release|Any CPU.Build.0 = Release|Any CPU
	EndGlobalSection
	GlobalSection(SolutionProperties) = preSolution
		HideSolutionNode = FALSE
	EndGlobalSection
	GlobalSection(ExtensibilityGlobals) = postSolution
		SolutionGuid = {FF973543-D5DE-4DB0-AA2A-EF08468B3DB9}
	EndGlobalSection
EndGlobal
